[[package]]
name = "core"
version = "0.1.0"
description = ""
category = "main"
optional = false
python-versions = "^3.10"
develop = false

[package.dependencies]
debugpy = "^1.6.3"

[package.source]
type = "git"
url = "https://github.com/AndreiToroplean/core.git"
reference = "HEAD"
resolved_reference = "8ae27c16ec172c19fba78cf7ac80c696ced8e6b4"

[[package]]
name = "debugpy"
version = "1.6.3"
description = "An implementation of the Debug Adapter Protocol for Python"
category = "main"
optional = false
python-versions = ">=3.7"

[metadata]
lock-version = "1.1"
python-versions = "^3.10"
content-hash = "1ce5c77ac9ec6fa1d8d18509220ac8abe4dfdbbad7656e17a6746aa75e17861e"

[metadata.files]
core = []
debugpy = [
    {file = "debugpy-1.6.3-cp310-cp310-macosx_10_15_x86_64.whl", hash = "sha256:c4b2bd5c245eeb49824bf7e539f95fb17f9a756186e51c3e513e32999d8846f3"},
    {file = "debugpy-1.6.3-cp310-cp310-manylinux_2_5_x86_64.manylinux1_x86_64.manylinux_2_12_x86_64.manylinux2010_x86_64.whl", hash = "sha256:b8deaeb779699350deeed835322730a3efec170b88927debc9ba07a1a38e2585"},
    {file = "debugpy-1.6.3-cp310-cp310-win32.whl", hash = "sha256:fc233a0160f3b117b20216f1169e7211b83235e3cd6749bcdd8dbb72177030c7"},
    {file = "debugpy-1.6.3-cp310-cp310-win_amd64.whl", hash = "sha256:dda8652520eae3945833e061cbe2993ad94a0b545aebd62e4e6b80ee616c76b2"},
    {file = "debugpy-1.6.3-cp37-cp37m-macosx_10_15_x86_64.whl", hash = "sha256:d5c814596a170a0a58fa6fad74947e30bfd7e192a5d2d7bd6a12156c2899e13a"},
    {file = "debugpy-1.6.3-cp37-cp37m-manylinux_2_5_x86_64.manylinux1_x86_64.manylinux_2_12_x86_64.manylinux2010_x86_64.whl", hash = "sha256:c4cd6f37e3c168080d61d698390dfe2cd9e74ebf80b448069822a15dadcda57d"},
    {file = "debugpy-1.6.3-cp37-cp37m-win32.whl", hash = "sha256:3c9f985944a30cfc9ae4306ac6a27b9c31dba72ca943214dad4a0ab3840f6161"},
    {file = "debugpy-1.6.3-cp37-cp37m-win_amd64.whl", hash = "sha256:5ad571a36cec137ae6ed951d0ff75b5e092e9af6683da084753231150cbc5b25"},
    {file = "debugpy-1.6.3-cp38-cp38-macosx_10_15_x86_64.whl", hash = "sha256:adcfea5ea06d55d505375995e150c06445e2b20cd12885bcae566148c076636b"},
    {file = "debugpy-1.6.3-cp38-cp38-manylinux_2_5_x86_64.manylinux1_x86_64.manylinux_2_12_x86_64.manylinux2010_x86_64.whl", hash = "sha256:daadab4403427abd090eccb38d8901afd8b393e01fd243048fab3f1d7132abb4"},
    {file = "debugpy-1.6.3-cp38-cp38-win32.whl", hash = "sha256:6efc30325b68e451118b795eff6fe8488253ca3958251d5158106d9c87581bc6"},
    {file = "debugpy-1.6.3-cp38-cp38-win_amd64.whl", hash = "sha256:86d784b72c5411c833af1cd45b83d80c252b77c3bfdb43db17c441d772f4c734"},
    {file = "debugpy-1.6.3-cp39-cp39-macosx_10_15_x86_64.whl", hash = "sha256:4e255982552b0edfe3a6264438dbd62d404baa6556a81a88f9420d3ed79b06ae"},
    {file = "debugpy-1.6.3-cp39-cp39-manylinux_2_5_x86_64.manylinux1_x86_64.manylinux_2_12_x86_64.manylinux2010_x86_64.whl", hash = "sha256:cca23cb6161ac89698d629d892520327dd1be9321c0960e610bbcb807232b45d"},
    {file = "debugpy-1.6.3-cp39-cp39-win32.whl", hash = "sha256:7c302095a81be0d5c19f6529b600bac971440db3e226dce85347cc27e6a61908"},
    {file = "debugpy-1.6.3-cp39-cp39-win_amd64.whl", hash = "sha256:34d2cdd3a7c87302ba5322b86e79c32c2115be396f3f09ca13306d8a04fe0f16"},
    {file = "debugpy-1.6.3-py2.py3-none-any.whl", hash = "sha256:84c39940a0cac410bf6aa4db00ba174f973eef521fbe9dd058e26bcabad89c4f"},
    {file = "debugpy-1.6.3.zip", hash = "sha256:e8922090514a890eec99cfb991bab872dd2e353ebb793164d5f01c362b9a40bf"},
]
